
Microsoft Visual Studio Solution File, Format Version 12.00
# Visual Studio Version 17
VisualStudioVersion = 17.0.31903.59
MinimumVisualStudioVersion = 10.0.40219.1
Project("{9A19103F-16F7-4668-BE54-9A1E7A4F7556}") = "CloudCustomers.API", "CloudCustomers.API\CloudCustomers.API.csproj", "{81D67B2F-7EF9-420B-8965-2912AB548C17}"
EndProject
Project("{9A19103F-16F7-4668-BE54-9A1E7A4F7556}") = "CloudCustomers.UnitTests", "CloudCustomers.UnitTests\CloudCustomers.UnitTests.csproj", "{7705B0FF-5718-49F7-A0CC-7E368432D35D}"
	ProjectSection(ProjectDependencies) = postProject
		{81D67B2F-7EF9-420B-8965-2912AB548C17} = {81D67B2F-7EF9-420B-8965-2912AB548C17}
	EndProjectSection
EndProject
Global
	GlobalSection(SolutionConfigurationPlatforms) = preSolution
		Debug|Any CPU = Debug|Any CPU
		Release|Any CPU = Release|Any CPU
	EndGlobalSection
	GlobalSection(ProjectConfigurationPlatforms) = postSolution
		{81D67B2F-7EF9-420B-8965-2912AB548C17}.Debug|Any CPU.ActiveCfg = Debug|Any CPU
		{81D67B2F-7EF9-420B-8965-2912AB548C17}.Debug|Any CPU.Build.0 = Debug|Any CPU
		{81D67B2F-7EF9-420B-8965-2912AB548C17}.Release|Any CPU.ActiveCfg = Release|Any CPU
		{81D67B2F-7EF9-420B-8965-2912AB548C17}.Release|Any CPU.Build.0 = Release|Any CPU
		{7705B0FF-5718-49F7-A0CC-7E368432D35D}.Debug|Any CPU.ActiveCfg = Debug|Any CPU
		{7705B0FF-5718-49F7-A0CC-7E368432D35D}.Debug|Any CPU.Build.0 = Debug|Any CPU
		{7705B0FF-5718-49F7-A0CC-7E368432D35D}.Release|Any CPU.ActiveCfg = Release|Any CPU
		{7705B0FF-5718-49F7-A0CC-7E368432D35D}.Release|Any CPU.Build.0 = Release|Any CPU
	EndGlobalSection
	GlobalSection(SolutionProperties) = preSolution
		HideSolutionNode = FALSE
	EndGlobalSection
	GlobalSection(ExtensibilityGlobals) = postSolution
		SolutionGuid = {B0819BFE-971B-4CCD-BA08-B3F4665ACF9F}
	EndGlobalSection
EndGlobal
